// !$*UTF8*$!
{
	archiveVersion = 1;
	classes = {
	};
	objectVersion = 56;
	objects = {

/* Begin PBXBuildFile section */
		C26974542B7E2BF900E96B73 /* AppDelegate.swift in Sources */ = {isa = PBXBuildFile; fileRef = C26974532B7E2BF900E96B73 /* AppDelegate.swift */; };
		C26974562B7E2BF900E96B73 /* SceneDelegate.swift in Sources */ = {isa = PBXBuildFile; fileRef = C26974552B7E2BF900E96B73 /* SceneDelegate.swift */; };
		C26974582B7E2BF900E96B73 /* ViewController.swift in Sources */ = {isa = PBXBuildFile; fileRef = C26974572B7E2BF900E96B73 /* ViewController.swift */; };
		C269745B2B7E2BF900E96B73 /* Main.storyboard in Resources */ = {isa = PBXBuildFile; fileRef = C26974592B7E2BF900E96B73 /* Main.storyboard */; };
		C269745D2B7E2BFB00E96B73 /* Assets.xcassets in Resources */ = {isa = PBXBuildFile; fileRef = C269745C2B7E2BFB00E96B73 /* Assets.xcassets */; };
		C26974602B7E2BFB00E96B73 /* LaunchScreen.storyboard in Resources */ = {isa = PBXBuildFile; fileRef = C269745E2B7E2BFB00E96B73 /* LaunchScreen.storyboard */; };
		EBB3087395D90752D5E7CE28 /* Pods_NativeSdkTest.framework in Frameworks */ = {isa = PBXBuildFile; fileRef = 104CE1D38A16676AE93667BE /* Pods_NativeSdkTest.framework */; };
/* End PBXBuildFile section */

/* Begin PBXFileReference section */
		104CE1D38A16676AE93667BE /* Pods_NativeSdkTest.framework */ = {isa = PBXFileReference; explicitFileType = wrapper.framework; includeInIndex = 0; path = Pods_NativeSdkTest.framework; sourceTree = BUILT_PRODUCTS_DIR; };
		62711700171D30891B9A3320 /* Pods-NativeSdkTest.release.xcconfig */ = {isa = PBXFileReference; includeInIndex = 1; lastKnownFileType = text.xcconfig; name = "Pods-NativeSdkTest.release.xcconfig"; path = "Target Support Files/Pods-NativeSdkTest/Pods-NativeSdkTest.release.xcconfig"; sourceTree = "<group>"; };
		C26974502B7E2BF900E96B73 /* NativeSdkTest.app */ = {isa = PBXFileReference; explicitFileType = wrapper.application; includeInIndex = 0; path = NativeSdkTest.app; sourceTree = BUILT_PRODUCTS_DIR; };
		C26974532B7E2BF900E96B73 /* AppDelegate.swift */ = {isa = PBXFileReference; lastKnownFileType = sourcecode.swift; path = AppDelegate.swift; sourceTree = "<group>"; };
		C26974552B7E2BF900E96B73 /* SceneDelegate.swift */ = {isa = PBXFileReference; lastKnownFileType = sourcecode.swift; path = SceneDelegate.swift; sourceTree = "<group>"; };
		C26974572B7E2BF900E96B73 /* ViewController.swift */ = {isa = PBXFileReference; lastKnownFileType = sourcecode.swift; path = ViewController.swift; sourceTree = "<group>"; };
		C269745A2B7E2BF900E96B73 /* Base */ = {isa = PBXFileReference; lastKnownFileType = file.storyboard; name = Base; path = Base.lproj/Main.storyboard; sourceTree = "<group>"; };
		C269745C2B7E2BFB00E96B73 /* Assets.xcassets */ = {isa = PBXFileReference; lastKnownFileType = folder.assetcatalog; path = Assets.xcassets; sourceTree = "<group>"; };
		C269745F2B7E2BFB00E96B73 /* Base */ = {isa = PBXFileReference; lastKnownFileType = file.storyboard; name = Base; path = Base.lproj/LaunchScreen.storyboard; sourceTree = "<group>"; };
		C26974612B7E2BFB00E96B73 /* Info.plist */ = {isa = PBXFileReference; lastKnownFileType = text.plist.xml; path = Info.plist; sourceTree = "<group>"; };
		E9FE331CA92F21470B0950FF /* Pods-NativeSdkTest.debug.xcconfig */ = {isa = PBXFileReference; includeInIndex = 1; lastKnownFileType = text.xcconfig; name = "Pods-NativeSdkTest.debug.xcconfig"; path = "Target Support Files/Pods-NativeSdkTest/Pods-NativeSdkTest.debug.xcconfig"; sourceTree = "<group>"; };
/* End PBXFileReference section */

/* Begin PBXFrameworksBuildPhase section */
		C269744D2B7E2BF900E96B73 /* Frameworks */ = {
			isa = PBXFrameworksBuildPhase;
			buildActionMask = 2147483647;
			files = (
				EBB3087395D90752D5E7CE28 /* Pods_NativeSdkTest.framework in Frameworks */,
			);
			runOnlyForDeploymentPostprocessing = 0;
		};
/* End PBXFrameworksBuildPhase section */

/* Begin PBXGroup section */
		37AFBC26C736FAF8FE902D19 /* Pods */ = {
			isa = PBXGroup;
			children = (
				E9FE331CA92F21470B0950FF /* Pods-NativeSdkTest.debug.xcconfig */,
				62711700171D30891B9A3320 /* Pods-NativeSdkTest.release.xcconfig */,
			);
			path = Pods;
			sourceTree = "<group>";
		};
		A9190B9DC32373C8ADDD4517 /* Frameworks */ = {
			isa = PBXGroup;
			children = (
				104CE1D38A16676AE93667BE /* Pods_NativeSdkTest.framework */,
			);
			name = Frameworks;
			sourceTree = "<group>";
		};
		C26974472B7E2BF800E96B73 = {
			isa = PBXGroup;
			children = (
				C26974522B7E2BF900E96B73 /* NativeSdkTest */,
				C26974512B7E2BF900E96B73 /* Products */,
				37AFBC26C736FAF8FE902D19 /* Pods */,
				A9190B9DC32373C8ADDD4517 /* Frameworks */,
			);
			sourceTree = "<group>";
		};
		C26974512B7E2BF900E96B73 /* Products */ = {
			isa = PBXGroup;
			children = (
				C26974502B7E2BF900E96B73 /* NativeSdkTest.app */,
			);
			name = Products;
			sourceTree = "<group>";
		};
		C26974522B7E2BF900E96B73 /* NativeSdkTest */ = {
			isa = PBXGroup;
			children = (
				C26974532B7E2BF900E96B73 /* AppDelegate.swift */,
				C26974552B7E2BF900E96B73 /* SceneDelegate.swift */,
				C26974572B7E2BF900E96B73 /* ViewController.swift */,
				C26974592B7E2BF900E96B73 /* Main.storyboard */,
				C269745C2B7E2BFB00E96B73 /* Assets.xcassets */,
				C269745E2B7E2BFB00E96B73 /* LaunchScreen.storyboard */,
				C26974612B7E2BFB00E96B73 /* Info.plist */,
			);
			path = NativeSdkTest;
			sourceTree = "<group>";
		};
/* End PBXGroup section */

/* Begin PBXNativeTarget section */
		C269744F2B7E2BF900E96B73 /* NativeSdkTest */ = {
			isa = PBXNativeTarget;
			buildConfigurationList = C26974642B7E2BFB00E96B73 /* Build configuration list for PBXNativeTarget "NativeSdkTest" */;
			buildPhases = (
				CB6C83EB37430BB0D1369116 /* [CP] Check Pods Manifest.lock */,
				C269744C2B7E2BF900E96B73 /* Sources */,
				C269744D2B7E2BF900E96B73 /* Frameworks */,
				C269744E2B7E2BF900E96B73 /* Resources */,
				E39E7EF560754E09C152AB8B /* [CP] Embed Pods Frameworks */,
			);
			buildRules = (
			);
			dependencies = (
			);
			name = NativeSdkTest;
			productName = NativeSdkTest;
			productReference = C26974502B7E2BF900E96B73 /* NativeSdkTest.app */;
			productType = "com.apple.product-type.application";
		};
/* End PBXNativeTarget section */

/* Begin PBXProject section */
		C26974482B7E2BF800E96B73 /* Project object */ = {
			isa = PBXProject;
			attributes = {
				BuildIndependentTargetsInParallel = 1;
				LastSwiftUpdateCheck = 1430;
				LastUpgradeCheck = 1430;
				TargetAttributes = {
					C269744F2B7E2BF900E96B73 = {
						CreatedOnToolsVersion = 14.3;
					};
				};
			};
			buildConfigurationList = C269744B2B7E2BF800E96B73 /* Build configuration list for PBXProject "NativeSdkTest" */;
			compatibilityVersion = "Xcode 14.0";
			developmentRegion = en;
			hasScannedForEncodings = 0;
			knownRegions = (
				en,
				Base,
			);
			mainGroup = C26974472B7E2BF800E96B73;
			productRefGroup = C26974512B7E2BF900E96B73 /* Products */;
			projectDirPath = "";
			projectRoot = "";
			targets = (
				C269744F2B7E2BF900E96B73 /* NativeSdkTest */,
			);
		};
/* End PBXProject section */

/* Begin PBXResourcesBuildPhase section */
		C269744E2B7E2BF900E96B73 /* Resources */ = {
			isa = PBXResourcesBuildPhase;
			buildActionMask = 2147483647;
			files = (
				C26974602B7E2BFB00E96B73 /* LaunchScreen.storyboard in Resources */,
				C269745D2B7E2BFB00E96B73 /* Assets.xcassets in Resources */,
				C269745B2B7E2BF900E96B73 /* Main.storyboard in Resources */,
			);
			runOnlyForDeploymentPostprocessing = 0;
		};
/* End PBXResourcesBuildPhase section */

/* Begin PBXShellScriptBuildPhase section */
		CB6C83EB37430BB0D1369116 /* [CP] Check Pods Manifest.lock */ = {
			isa = PBXShellScriptBuildPhase;
			buildActionMask = 2147483647;
			files = (
			);
			inputFileListPaths = (
			);
			inputPaths = (
				"${PODS_PODFILE_DIR_PATH}/Podfile.lock",
				"${PODS_ROOT}/Manifest.lock",
			);
			name = "[CP] Check Pods Manifest.lock";
			outputFileListPaths = (
			);
			outputPaths = (
				"$(DERIVED_FILE_DIR)/Pods-NativeSdkTest-checkManifestLockResult.txt",
			);
			runOnlyForDeploymentPostprocessing = 0;
			shellPath = /bin/sh;
			shellScript = "diff \"${PODS_PODFILE_DIR_PATH}/Podfile.lock\" \"${PODS_ROOT}/Manifest.lock\" > /dev/null\nif [ $? != 0 ] ; then\n    # print error to STDERR\n    echo \"error: The sandbox is not in sync with the Podfile.lock. Run 'pod install' or update your CocoaPods installation.\" >&2\n    exit 1\nfi\n# This output is used by Xcode 'outputs' to avoid re-running this script phase.\necho \"SUCCESS\" > \"${SCRIPT_OUTPUT_FILE_0}\"\n";
			showEnvVarsInLog = 0;
		};
		E39E7EF560754E09C152AB8B /* [CP] Embed Pods Frameworks */ = {
			isa = PBXShellScriptBuildPhase;
			buildActionMask = 2147483647;
			files = (
			);
			inputFileListPaths = (
				"${PODS_ROOT}/Target Support Files/Pods-NativeSdkTest/Pods-NativeSdkTest-frameworks-${CONFIGURATION}-input-files.xcfilelist",
			);
			name = "[CP] Embed Pods Frameworks";
			outputFileListPaths = (
				"${PODS_ROOT}/Target Support Files/Pods-NativeSdkTest/Pods-NativeSdkTest-frameworks-${CONFIGURATION}-output-files.xcfilelist",
			);
			runOnlyForDeploymentPostprocessing = 0;
			shellPath = /bin/sh;
			shellScript = "\"${PODS_ROOT}/Target Support Files/Pods-NativeSdkTest/Pods-NativeSdkTest-frameworks.sh\"\n";
			showEnvVarsInLog = 0;
		};
/* End PBXShellScriptBuildPhase section */

/* Begin PBXSourcesBuildPhase section */
		C269744C2B7E2BF900E96B73 /* Sources */ = {
			isa = PBXSourcesBuildPhase;
			buildActionMask = 2147483647;
			files = (
				C26974582B7E2BF900E96B73 /* ViewController.swift in Sources */,
				C26974542B7E2BF900E96B73 /* AppDelegate.swift in Sources */,
				C26974562B7E2BF900E96B73 /* SceneDelegate.swift in Sources */,
			);
			runOnlyForDeploymentPostprocessing = 0;
		};
/* End PBXSourcesBuildPhase section */

/* Begin PBXVariantGroup section */
		C26974592B7E2BF900E96B73 /* Main.storyboard */ = {
			isa = PBXVariantGroup;
			children = (
				C269745A2B7E2BF900E96B73 /* Base */,
			);
			name = Main.storyboard;
			sourceTree = "<group>";
		};
		C269745E2B7E2BFB00E96B73 /* LaunchScreen.storyboard */ = {
			isa = PBXVariantGroup;
			children = (
				C269745F2B7E2BFB00E96B73 /* Base */,
			);
			name = LaunchScreen.storyboard;
			sourceTree = "<group>";
		};
/* End PBXVariantGroup section */

/* Begin XCBuildConfiguration section */
		C26974622B7E2BFB00E96B73 /* Debug */ = {
			isa = XCBuildConfiguration;
			buildSettings = {
				ALWAYS_SEARCH_USER_PATHS = NO;
				CLANG_ANALYZER_NONNULL = YES;
				CLANG_ANALYZER_NUMBER_OBJECT_CONVERSION = YES_AGGRESSIVE;
				CLANG_CXX_LANGUAGE_STANDARD = "gnu++20";
				CLANG_ENABLE_MODULES = YES;
				CLANG_ENABLE_OBJC_ARC = YES;
				CLANG_ENABLE_OBJC_WEAK = YES;
				CLANG_WARN_BLOCK_CAPTURE_AUTORELEASING = YES;
				CLANG_WARN_BOOL_CONVERSION = YES;
				CLANG_WARN_COMMA = YES;
				CLANG_WARN_CONSTANT_CONVERSION = YES;
				CLANG_WARN_DEPRECATED_OBJC_IMPLEMENTATIONS = YES;
				CLANG_WARN_DIRECT_OBJC_ISA_USAGE = YES_ERROR;
				CLANG_WARN_DOCUMENTATION_COMMENTS = YES;
				CLANG_WARN_EMPTY_BODY = YES;
				CLANG_WARN_ENUM_CONVERSION = YES;
				CLANG_WARN_INFINITE_RECURSION = YES;
				CLANG_WARN_INT_CONVERSION = YES;
				CLANG_WARN_NON_LITERAL_NULL_CONVERSION = YES;
				CLANG_WARN_OBJC_IMPLICIT_RETAIN_SELF = YES;
				CLANG_WARN_OBJC_LITERAL_CONVERSION = YES;
				CLANG_WARN_OBJC_ROOT_CLASS = YES_ERROR;
				CLANG_WARN_QUOTED_INCLUDE_IN_FRAMEWORK_HEADER = YES;
				CLANG_WARN_RANGE_LOOP_ANALYSIS = YES;
				CLANG_WARN_STRICT_PROTOTYPES = YES;
				CLANG_WARN_SUSPICIOUS_MOVE = YES;
				CLANG_WARN_UNGUARDED_AVAILABILITY = YES_AGGRESSIVE;
				CLANG_WARN_UNREACHABLE_CODE = YES;
				CLANG_WARN__DUPLICATE_METHOD_MATCH = YES;
				COPY_PHASE_STRIP = NO;
				DEBUG_INFORMATION_FORMAT = dwarf;
				ENABLE_STRICT_OBJC_MSGSEND = YES;
				ENABLE_TESTABILITY = YES;
				GCC_C_LANGUAGE_STANDARD = gnu11;
				GCC_DYNAMIC_NO_PIC = NO;
				GCC_NO_COMMON_BLOCKS = YES;
				GCC_OPTIMIZATION_LEVEL = 0;
				GCC_PREPROCESSOR_DEFINITIONS = (
					"DEBUG=1",
					"$(inherited)",
				);
				GCC_WARN_64_TO_32_BIT_CONVERSION = YES;
				GCC_WARN_ABOUT_RETURN_TYPE = YES_ERROR;
				GCC_WARN_UNDECLARED_SELECTOR = YES;
				GCC_WARN_UNINITIALIZED_AUTOS = YES_AGGRESSIVE;
				GCC_WARN_UNUSED_FUNCTION = YES;
				GCC_WARN_UNUSED_VARIABLE = YES;
				IPHONEOS_DEPLOYMENT_TARGET = 16.4;
				MTL_ENABLE_DEBUG_INFO = INCLUDE_SOURCE;
				MTL_FAST_MATH = YES;
				ONLY_ACTIVE_ARCH = YES;
				SDKROOT = iphoneos;
				SWIFT_ACTIVE_COMPILATION_CONDITIONS = DEBUG;
				SWIFT_OPTIMIZATION_LEVEL = "-Onone";
			};
			name = Debug;
		};
		C26974632B7E2BFB00E96B73 /* Release */ = {
			isa = XCBuildConfiguration;
			buildSettings = {
				ALWAYS_SEARCH_USER_PATHS = NO;
				CLANG_ANALYZER_NONNULL = YES;
				CLANG_ANALYZER_NUMBER_OBJECT_CONVERSION = YES_AGGRESSIVE;
				CLANG_CXX_LANGUAGE_STANDARD = "gnu++20";
				CLANG_ENABLE_MODULES = YES;
				CLANG_ENABLE_OBJC_ARC = YES;
				CLANG_ENABLE_OBJC_WEAK = YES;
				CLANG_WARN_BLOCK_CAPTURE_AUTORELEASING = YES;
				CLANG_WARN_BOOL_CONVERSION = YES;
				CLANG_WARN_COMMA = YES;
				CLANG_WARN_CONSTANT_CONVERSION = YES;
				CLANG_WARN_DEPRECATED_OBJC_IMPLEMENTATIONS = YES;
				CLANG_WARN_DIRECT_OBJC_ISA_USAGE = YES_ERROR;
				CLANG_WARN_DOCUMENTATION_COMMENTS = YES;
				CLANG_WARN_EMPTY_BODY = YES;
				CLANG_WARN_ENUM_CONVERSION = YES;
				CLANG_WARN_INFINITE_RECURSION = YES;
				CLANG_WARN_INT_CONVERSION = YES;
				CLANG_WARN_NON_LITERAL_NULL_CONVERSION = YES;
				CLANG_WARN_OBJC_IMPLICIT_RETAIN_SELF = YES;
				CLANG_WARN_OBJC_LITERAL_CONVERSION = YES;
				CLANG_WARN_OBJC_ROOT_CLASS = YES_ERROR;
				CLANG_WARN_QUOTED_INCLUDE_IN_FRAMEWORK_HEADER = YES;
				CLANG_WARN_RANGE_LOOP_ANALYSIS = YES;
				CLANG_WARN_STRICT_PROTOTYPES = YES;
				CLANG_WARN_SUSPICIOUS_MOVE = YES;
				CLANG_WARN_UNGUARDED_AVAILABILITY = YES_AGGRESSIVE;
				CLANG_WARN_UNREACHABLE_CODE = YES;
				CLANG_WARN__DUPLICATE_METHOD_MATCH = YES;
				COPY_PHASE_STRIP = NO;
				DEBUG_INFORMATION_FORMAT = "dwarf-with-dsym";
				ENABLE_NS_ASSERTIONS = NO;
				ENABLE_STRICT_OBJC_MSGSEND = YES;
				GCC_C_LANGUAGE_STANDARD = gnu11;
				GCC_NO_COMMON_BLOCKS = YES;
				GCC_WARN_64_TO_32_BIT_CONVERSION = YES;
				GCC_WARN_ABOUT_RETURN_TYPE = YES_ERROR;
				GCC_WARN_UNDECLARED_SELECTOR = YES;
				GCC_WARN_UNINITIALIZED_AUTOS = YES_AGGRESSIVE;
				GCC_WARN_UNUSED_FUNCTION = YES;
				GCC_WARN_UNUSED_VARIABLE = YES;
				IPHONEOS_DEPLOYMENT_TARGET = 16.4;
				MTL_ENABLE_DEBUG_INFO = NO;
				MTL_FAST_MATH = YES;
				SDKROOT = iphoneos;
				SWIFT_COMPILATION_MODE = wholemodule;
				SWIFT_OPTIMIZATION_LEVEL = "-O";
				VALIDATE_PRODUCT = YES;
			};
			name = Release;
		};
		C26974652B7E2BFB00E96B73 /* Debug */ = {
			isa = XCBuildConfiguration;
			baseConfigurationReference = E9FE331CA92F21470B0950FF /* Pods-NativeSdkTest.debug.xcconfig */;
			buildSettings = {
				ASSETCATALOG_COMPILER_APPICON_NAME = AppIcon;
				ASSETCATALOG_COMPILER_GLOBAL_ACCENT_COLOR_NAME = AccentColor;
				CODE_SIGN_IDENTITY = "Apple Development";
				CODE_SIGN_STYLE = Automatic;
				CURRENT_PROJECT_VERSION = 2;
				DEVELOPMENT_TEAM = V9VKHL8HHM;
				GENERATE_INFOPLIST_FILE = YES;
				INFOPLIST_FILE = NativeSdkTest/Info.plist;
				INFOPLIST_KEY_CFBundleDisplayName = "ThinkResearch Chatbot";
				INFOPLIST_KEY_LSApplicationCategoryType = "public.app-category.productivity";
				INFOPLIST_KEY_UIApplicationSupportsIndirectInputEvents = YES;
				INFOPLIST_KEY_UILaunchStoryboardName = LaunchScreen;
				INFOPLIST_KEY_UIMainStoryboardFile = Main;
				INFOPLIST_KEY_UISupportedInterfaceOrientations_iPad = "UIInterfaceOrientationPortrait UIInterfaceOrientationPortraitUpsideDown UIInterfaceOrientationLandscapeLeft UIInterfaceOrientationLandscapeRight";
				INFOPLIST_KEY_UISupportedInterfaceOrientations_iPhone = "UIInterfaceOrientationPortrait UIInterfaceOrientationLandscapeLeft UIInterfaceOrientationLandscapeRight";
				LD_RUNPATH_SEARCH_PATHS = (
					"$(inherited)",
					"@executable_path/Frameworks",
				);
				MARKETING_VERSION = 1.0.0;
				PRODUCT_BUNDLE_IDENTIFIER = com.thinkresearch.app;
				PRODUCT_NAME = "$(TARGET_NAME)";
				PROVISIONING_PROFILE_SPECIFIER = "";
				SWIFT_EMIT_LOC_STRINGS = YES;
				SWIFT_VERSION = 5.0;
				TARGETED_DEVICE_FAMILY = "1,2";
			};
			name = Debug;
		};
		C26974662B7E2BFB00E96B73 /* Release */ = {
			isa = XCBuildConfiguration;
			baseConfigurationReference = 62711700171D30891B9A3320 /* Pods-NativeSdkTest.release.xcconfig */;
			buildSettings = {
				ASSETCATALOG_COMPILER_APPICON_NAME = AppIcon;
				ASSETCATALOG_COMPILER_GLOBAL_ACCENT_COLOR_NAME = AccentColor;
				CODE_SIGN_IDENTITY = "Apple Development";
				CODE_SIGN_STYLE = Automatic;
				CURRENT_PROJECT_VERSION = 2;
				DEVELOPMENT_TEAM = V9VKHL8HHM;
				GENERATE_INFOPLIST_FILE = YES;
				INFOPLIST_FILE = NativeSdkTest/Info.plist;
				INFOPLIST_KEY_CFBundleDisplayName = "ThinkResearch Chatbot";
				INFOPLIST_KEY_LSApplicationCategoryType = "public.app-category.productivity";
				INFOPLIST_KEY_UIApplicationSupportsIndirectInputEvents = YES;
				INFOPLIST_KEY_UILaunchStoryboardName = LaunchScreen;
				INFOPLIST_KEY_UIMainStoryboardFile = Main;
				INFOPLIST_KEY_UISupportedInterfaceOrientations_iPad = "UIInterfaceOrientationPortrait UIInterfaceOrientationPortraitUpsideDown UIInterfaceOrientationLandscapeLeft UIInterfaceOrientationLandscapeRight";
				INFOPLIST_KEY_UISupportedInterfaceOrientations_iPhone = "UIInterfaceOrientationPortrait UIInterfaceOrientationLandscapeLeft UIInterfaceOrientationLandscapeRight";
				LD_RUNPATH_SEARCH_PATHS = (
					"$(inherited)",
					"@executable_path/Frameworks",
				);
				MARKETING_VERSION = 1.0.0;
				PRODUCT_BUNDLE_IDENTIFIER = com.thinkresearch.app;
				PRODUCT_NAME = "$(TARGET_NAME)";
				PROVISIONING_PROFILE_SPECIFIER = "";
				SWIFT_EMIT_LOC_STRINGS = YES;
				SWIFT_VERSION = 5.0;
				TARGETED_DEVICE_FAMILY = "1,2";
			};
			name = Release;
		};
/* End XCBuildConfiguration section */

/* Begin XCConfigurationList section */
		C269744B2B7E2BF800E96B73 /* Build configuration list for PBXProject "NativeSdkTest" */ = {
			isa = XCConfigurationList;
			buildConfigurations = (
				C26974622B7E2BFB00E96B73 /* Debug */,
				C26974632B7E2BFB00E96B73 /* Release */,
			);
			defaultConfigurationIsVisible = 0;
			defaultConfigurationName = Release;
		};
		C26974642B7E2BFB00E96B73 /* Build configuration list for PBXNativeTarget "NativeSdkTest" */ = {
			isa = XCConfigurationList;
			buildConfigurations = (
				C26974652B7E2BFB00E96B73 /* Debug */,
				C26974662B7E2BFB00E96B73 /* Release */,
			);
			defaultConfigurationIsVisible = 0;
			defaultConfigurationName = Release;
		};
/* End XCConfigurationList section */
	};
	rootObject = C26974482B7E2BF800E96B73 /* Project object */;
}
